Microsoft Visual Studio Solution File, Format Version 12.00
# Visual Studio Version 17
VisualStudioVersion = 17.5.2.0
MinimumVisualStudioVersion = 10.0.40219.1
Project("{FAE04EC0-301F-11D3-BF4B-00C04F79EFBC}") = "BuscadorExcel", "BuscadorExcel\BuscadorExcel.csproj", "{23D72BF4-89CF-1FE3-15BF-8A221D09DD42}"
EndProject
Global
	GlobalSection(SolutionConfigurationPlatforms) = preSolution
		Debug|Any CPU = Debug|Any CPU
		Release|Any CPU = Release|Any CPU
	EndGlobalSection
	GlobalSection(ProjectConfigurationPlatforms) = postSolution
		{23D72BF4-89CF-1FE3-15BF-8A221D09DD42}.Debug|Any CPU.ActiveCfg = Debug|Any CPU
		{23D72BF4-89CF-1FE3-15BF-8A221D09DD42}.Debug|Any CPU.Build.0 = Debug|Any CPU
		{23D72BF4-89CF-1FE3-15BF-8A221D09DD42}.Release|Any CPU.ActiveCfg = Release|Any CPU
		{23D72BF4-89CF-1FE3-15BF-8A221D09DD42}.Release|Any CPU.Build.0 = Release|Any CPU
	EndGlobalSection
	GlobalSection(SolutionProperties) = preSolution
		HideSolutionNode = FALSE
	EndGlobalSection
	GlobalSection(ExtensibilityGlobals) = postSolution
		SolutionGuid = {5E46EFAA-3F75-4F61-B1F8-E98DCCAA5BB1}
	EndGlobalSection
EndGlobal
